
Microsoft Visual Studio Solution File, Format Version 12.00
# Visual Studio Version 16
VisualStudioVersion = 16.0.30804.86
MinimumVisualStudioVersion = 10.0.40219.1
Project("{2150E333-8FDC-42A3-9474-1A3956D46DE8}") = "src", "src", "{68CDA11D-1103-4A2C-8F83-1B1390161299}"
EndProject
Project("{2150E333-8FDC-42A3-9474-1A3956D46DE8}") = "Services", "Services", "{B1472EB7-DF91-4EE9-8AB5-47B25B0103C5}"
EndProject
Project("{2150E333-8FDC-42A3-9474-1A3956D46DE8}") = "Movie", "Movie", "{29F27638-ED01-4D42-A43F-777DF27DDDFB}"
EndProject
Project("{2150E333-8FDC-42A3-9474-1A3956D46DE8}") = "Api", "Api", "{49849DA3-0ACE-4A75-B5A5-F3631D0F2BBF}"
EndProject
Project("{9A19103F-16F7-4668-BE54-9A1E7A4F7556}") = "Api", "src\Services\Movie\Api\Api.csproj", "{CF71CCD2-ADE1-4C00-A052-839E3263D869}"
EndProject
Project("{E53339B2-1760-4266-BCC7-CA923CBCF16C}") = "docker-compose", "docker-compose.dcproj", "{B206115E-5105-4E82-8842-F5331F5A312F}"
EndProject
Project("{2150E333-8FDC-42A3-9474-1A3956D46DE8}") = "Identity", "Identity", "{A7865BCD-A68C-42EB-A624-3A556209D1A6}"
EndProject
Project("{9A19103F-16F7-4668-BE54-9A1E7A4F7556}") = "Api", "src\Services\Identity\Api\Api.csproj", "{9385E315-7ECF-4778-ADFD-D0E09A10F4C5}"
EndProject
Project("{2150E333-8FDC-42A3-9474-1A3956D46DE8}") = "Api", "Api", "{8EB1CA2C-8D80-43C5-B46A-687EA6111191}"
EndProject
Project("{2150E333-8FDC-42A3-9474-1A3956D46DE8}") = "Infrastructure", "Infrastructure", "{60237536-F373-46DA-822B-CC2463CE13E1}"
EndProject
Project("{9A19103F-16F7-4668-BE54-9A1E7A4F7556}") = "Persistence", "src\Services\Identity\Infrastructure\Persistence\Persistence.csproj", "{B525165E-1337-4A14-B0C5-92FB338A9584}"
EndProject
Project("{2150E333-8FDC-42A3-9474-1A3956D46DE8}") = "Core", "Core", "{CAA46940-2833-49A2-9E60-D8D7452E440D}"
EndProject
Project("{9A19103F-16F7-4668-BE54-9A1E7A4F7556}") = "Application", "src\Services\Identity\Core\Application\Application.csproj", "{4CCC1A3C-5EB4-44C1-B8E3-58086A3DE9DF}"
EndProject
Project("{2150E333-8FDC-42A3-9474-1A3956D46DE8}") = "Core", "Core", "{079CEF48-4BB7-49A2-8CEE-A91CEE48DF64}"
EndProject
Project("{9A19103F-16F7-4668-BE54-9A1E7A4F7556}") = "Domain", "src\Services\Movie\Core\Domain\Domain.csproj", "{043F073C-58C5-45FE-9F55-D95F9C791C1E}"
EndProject
Project("{9A19103F-16F7-4668-BE54-9A1E7A4F7556}") = "Application", "src\Services\Movie\Core\Application\Application.csproj", "{32D8EFDB-1C8F-41D6-911D-7DE2994B34DD}"
EndProject
Project("{2150E333-8FDC-42A3-9474-1A3956D46DE8}") = "Infrastructure", "Infrastructure", "{22209E14-BBF2-4129-A78F-40BA66B97193}"
EndProject
Project("{9A19103F-16F7-4668-BE54-9A1E7A4F7556}") = "Persistence", "src\Services\Movie\Infrastructure\Persistence\Persistence.csproj", "{371B4AF3-A2EA-4BB5-A459-3B5505756B37}"
EndProject
Project("{9A19103F-16F7-4668-BE54-9A1E7A4F7556}") = "Infrastructure", "src\Services\Movie\Infrastructure\Movie.Infrastructure\Infrastructure.csproj", "{7B9D0955-EFB3-424F-80DB-BCBDAEB8A4D8}"
EndProject
Project("{9A19103F-16F7-4668-BE54-9A1E7A4F7556}") = "Domain", "src\Services\Identity\Core\Domain\Domain\Domain.csproj", "{FDB558EA-B3E7-4C23-94B8-23D9F53858AC}"
EndProject
Project("{2150E333-8FDC-42A3-9474-1A3956D46DE8}") = "tests", "tests", "{22BCBE2A-EF84-44BA-AB7B-7F64B0E876B9}"
EndProject
Project("{9A19103F-16F7-4668-BE54-9A1E7A4F7556}") = "API.IntegrationTests", "tests\API.IntegrationTests\API.IntegrationTests.csproj", "{8C090B02-9956-424F-BB5B-615B16B82492}"
EndProject
Project("{2150E333-8FDC-42A3-9474-1A3956D46DE8}") = "Solution Items", "Solution Items", "{4D930F4F-6D59-44CD-BD25-A1010534888E}"
	ProjectSection(SolutionItems) = preProject
		README.md = README.md
	EndProjectSection
EndProject
Global
	GlobalSection(SolutionConfigurationPlatforms) = preSolution
		Debug|Any CPU = Debug|Any CPU
		Release|Any CPU = Release|Any CPU
	EndGlobalSection
	GlobalSection(ProjectConfigurationPlatforms) = postSolution
		{CF71CCD2-ADE1-4C00-A052-839E3263D869}.Debug|Any CPU.ActiveCfg = Debug|Any CPU
		{CF71CCD2-ADE1-4C00-A052-839E3263D869}.Debug|Any CPU.Build.0 = Debug|Any CPU
		{CF71CCD2-ADE1-4C00-A052-839E3263D869}.Release|Any CPU.ActiveCfg = Release|Any CPU
		{CF71CCD2-ADE1-4C00-A052-839E3263D869}.Release|Any CPU.Build.0 = Release|Any CPU
		{B206115E-5105-4E82-8842-F5331F5A312F}.Debug|Any CPU.ActiveCfg = Debug|Any CPU
		{B206115E-5105-4E82-8842-F5331F5A312F}.Debug|Any CPU.Build.0 = Debug|Any CPU
		{B206115E-5105-4E82-8842-F5331F5A312F}.Release|Any CPU.ActiveCfg = Release|Any CPU
		{B206115E-5105-4E82-8842-F5331F5A312F}.Release|Any CPU.Build.0 = Release|Any CPU
		{9385E315-7ECF-4778-ADFD-D0E09A10F4C5}.Debug|Any CPU.ActiveCfg = Debug|Any CPU
		{9385E315-7ECF-4778-ADFD-D0E09A10F4C5}.Debug|Any CPU.Build.0 = Debug|Any CPU
		{9385E315-7ECF-4778-ADFD-D0E09A10F4C5}.Release|Any CPU.ActiveCfg = Release|Any CPU
		{9385E315-7ECF-4778-ADFD-D0E09A10F4C5}.Release|Any CPU.Build.0 = Release|Any CPU
		{B525165E-1337-4A14-B0C5-92FB338A9584}.Debug|Any CPU.ActiveCfg = Debug|Any CPU
		{B525165E-1337-4A14-B0C5-92FB338A9584}.Debug|Any CPU.Build.0 = Debug|Any CPU
		{B525165E-1337-4A14-B0C5-92FB338A9584}.Release|Any CPU.ActiveCfg = Release|Any CPU
		{B525165E-1337-4A14-B0C5-92FB338A9584}.Release|Any CPU.Build.0 = Release|Any CPU
		{4CCC1A3C-5EB4-44C1-B8E3-58086A3DE9DF}.Debug|Any CPU.ActiveCfg = Debug|Any CPU
		{4CCC1A3C-5EB4-44C1-B8E3-58086A3DE9DF}.Debug|Any CPU.Build.0 = Debug|Any CPU
		{4CCC1A3C-5EB4-44C1-B8E3-58086A3DE9DF}.Release|Any CPU.ActiveCfg = Release|Any CPU
		{4CCC1A3C-5EB4-44C1-B8E3-58086A3DE9DF}.Release|Any CPU.Build.0 = Release|Any CPU
		{043F073C-58C5-45FE-9F55-D95F9C791C1E}.Debug|Any CPU.ActiveCfg = Debug|Any CPU
		{043F073C-58C5-45FE-9F55-D95F9C791C1E}.Debug|Any CPU.Build.0 = Debug|Any CPU
		{043F073C-58C5-45FE-9F55-D95F9C791C1E}.Release|Any CPU.ActiveCfg = Release|Any CPU
		{043F073C-58C5-45FE-9F55-D95F9C791C1E}.Release|Any CPU.Build.0 = Release|Any CPU
		{32D8EFDB-1C8F-41D6-911D-7DE2994B34DD}.Debug|Any CPU.ActiveCfg = Debug|Any CPU
		{32D8EFDB-1C8F-41D6-911D-7DE2994B34DD}.Debug|Any CPU.Build.0 = Debug|Any CPU
		{32D8EFDB-1C8F-41D6-911D-7DE2994B34DD}.Release|Any CPU.ActiveCfg = Release|Any CPU
		{32D8EFDB-1C8F-41D6-911D-7DE2994B34DD}.Release|Any CPU.Build.0 = Release|Any CPU
		{371B4AF3-A2EA-4BB5-A459-3B5505756B37}.Debug|Any CPU.ActiveCfg = Debug|Any CPU
		{371B4AF3-A2EA-4BB5-A459-3B5505756B37}.Debug|Any CPU.Build.0 = Debug|Any CPU
		{371B4AF3-A2EA-4BB5-A459-3B5505756B37}.Release|Any CPU.ActiveCfg = Release|Any CPU
		{371B4AF3-A2EA-4BB5-A459-3B5505756B37}.Release|Any CPU.Build.0 = Release|Any CPU
		{7B9D0955-EFB3-424F-80DB-BCBDAEB8A4D8}.Debug|Any CPU.ActiveCfg = Debug|Any CPU
		{7B9D0955-EFB3-424F-80DB-BCBDAEB8A4D8}.Debug|Any CPU.Build.0 = Debug|Any CPU
		{7B9D0955-EFB3-424F-80DB-BCBDAEB8A4D8}.Release|Any CPU.ActiveCfg = Release|Any CPU
		{7B9D0955-EFB3-424F-80DB-BCBDAEB8A4D8}.Release|Any CPU.Build.0 = Release|Any CPU
		{FDB558EA-B3E7-4C23-94B8-23D9F53858AC}.Debug|Any CPU.ActiveCfg = Debug|Any CPU
		{FDB558EA-B3E7-4C23-94B8-23D9F53858AC}.Debug|Any CPU.Build.0 = Debug|Any CPU
		{FDB558EA-B3E7-4C23-94B8-23D9F53858AC}.Release|Any CPU.ActiveCfg = Release|Any CPU
		{FDB558EA-B3E7-4C23-94B8-23D9F53858AC}.Release|Any CPU.Build.0 = Release|Any CPU
		{8C090B02-9956-424F-BB5B-615B16B82492}.Debug|Any CPU.ActiveCfg = Debug|Any CPU
		{8C090B02-9956-424F-BB5B-615B16B82492}.Debug|Any CPU.Build.0 = Debug|Any CPU
		{8C090B02-9956-424F-BB5B-615B16B82492}.Release|Any CPU.ActiveCfg = Release|Any CPU
		{8C090B02-9956-424F-BB5B-615B16B82492}.Release|Any CPU.Build.0 = Release|Any CPU
	EndGlobalSection
	GlobalSection(SolutionProperties) = preSolution
		HideSolutionNode = FALSE
	EndGlobalSection
	GlobalSection(NestedProjects) = preSolution
		{B1472EB7-DF91-4EE9-8AB5-47B25B0103C5} = {68CDA11D-1103-4A2C-8F83-1B1390161299}
		{29F27638-ED01-4D42-A43F-777DF27DDDFB} = {B1472EB7-DF91-4EE9-8AB5-47B25B0103C5}
		{49849DA3-0ACE-4A75-B5A5-F3631D0F2BBF} = {29F27638-ED01-4D42-A43F-777DF27DDDFB}
		{CF71CCD2-ADE1-4C00-A052-839E3263D869} = {49849DA3-0ACE-4A75-B5A5-F3631D0F2BBF}
		{A7865BCD-A68C-42EB-A624-3A556209D1A6} = {B1472EB7-DF91-4EE9-8AB5-47B25B0103C5}
		{9385E315-7ECF-4778-ADFD-D0E09A10F4C5} = {8EB1CA2C-8D80-43C5-B46A-687EA6111191}
		{8EB1CA2C-8D80-43C5-B46A-687EA6111191} = {A7865BCD-A68C-42EB-A624-3A556209D1A6}
		{60237536-F373-46DA-822B-CC2463CE13E1} = {A7865BCD-A68C-42EB-A624-3A556209D1A6}
		{B525165E-1337-4A14-B0C5-92FB338A9584} = {60237536-F373-46DA-822B-CC2463CE13E1}
		{CAA46940-2833-49A2-9E60-D8D7452E440D} = {A7865BCD-A68C-42EB-A624-3A556209D1A6}
		{4CCC1A3C-5EB4-44C1-B8E3-58086A3DE9DF} = {CAA46940-2833-49A2-9E60-D8D7452E440D}
		{079CEF48-4BB7-49A2-8CEE-A91CEE48DF64} = {29F27638-ED01-4D42-A43F-777DF27DDDFB}
		{043F073C-58C5-45FE-9F55-D95F9C791C1E} = {079CEF48-4BB7-49A2-8CEE-A91CEE48DF64}
		{32D8EFDB-1C8F-41D6-911D-7DE2994B34DD} = {079CEF48-4BB7-49A2-8CEE-A91CEE48DF64}
		{22209E14-BBF2-4129-A78F-40BA66B97193} = {29F27638-ED01-4D42-A43F-777DF27DDDFB}
		{371B4AF3-A2EA-4BB5-A459-3B5505756B37} = {22209E14-BBF2-4129-A78F-40BA66B97193}
		{7B9D0955-EFB3-424F-80DB-BCBDAEB8A4D8} = {22209E14-BBF2-4129-A78F-40BA66B97193}
		{FDB558EA-B3E7-4C23-94B8-23D9F53858AC} = {CAA46940-2833-49A2-9E60-D8D7452E440D}
		{8C090B02-9956-424F-BB5B-615B16B82492} = {22BCBE2A-EF84-44BA-AB7B-7F64B0E876B9}
	EndGlobalSection
	GlobalSection(ExtensibilityGlobals) = postSolution
		SolutionGuid = {F48AC903-B753-40B3-B16E-96DE3814F119}
	EndGlobalSection
EndGlobal
